
Microsoft Visual Studio Solution File, Format Version 12.00
# Visual Studio Version 17
VisualStudioVersion = 17.11.35312.102
MinimumVisualStudioVersion = 10.0.40219.1
Project("{FAE04EC0-301F-11D3-BF4B-00C04F79EFBC}") = "PedidoAPI", "PedidoAPI\PedidoAPI.csproj", "{7503DAA7-DE46-4404-B6A3-2EDCAD722768}"
EndProject
Global
	GlobalSection(SolutionConfigurationPlatforms) = preSolution
		Debug|Any CPU = Debug|Any CPU
		Release|Any CPU = Release|Any CPU
	EndGlobalSection
	GlobalSection(ProjectConfigurationPlatforms) = postSolution
		{7503DAA7-DE46-4404-B6A3-2EDCAD722768}.Debug|Any CPU.ActiveCfg = Debug|Any CPU
		{7503DAA7-DE46-4404-B6A3-2EDCAD722768}.Debug|Any CPU.Build.0 = Debug|Any CPU
		{7503DAA7-DE46-4404-B6A3-2EDCAD722768}.Release|Any CPU.ActiveCfg = Release|Any CPU
		{7503DAA7-DE46-4404-B6A3-2EDCAD722768}.Release|Any CPU.Build.0 = Release|Any CPU
	EndGlobalSection
	GlobalSection(SolutionProperties) = preSolution
		HideSolutionNode = FALSE
	EndGlobalSection
	GlobalSection(ExtensibilityGlobals) = postSolution
		SolutionGuid = {939F4EE6-280D-4A7B-A786-B4366DFF18C9}
	EndGlobalSection
EndGlobal
